<?xml version="1.0" encoding="utf-8"?>
<Project ToolsVersion="4.0" xmlns="http://schemas.microsoft.com/developer/msbuild/2003">
  <ItemGroup>
    <Filter Include="Fichiers sources">
      <UniqueIdentifier>{4FC737F1-C7A5-4376-A066-2A32D752A2FF}</UniqueIdentifier>
      <Extensions>cpp;c;cc;cxx;def;odl;idl;hpj;bat;asm;asmx</Extensions>
    </Filter>
    <Filter Include="Fichiers d%27en-tête">
      <UniqueIdentifier>{93995380-89BD-4b04-88EB-625FBE52EBFB}</UniqueIdentifier>
      <Extensions>h;hh;hpp;hxx;hm;inl;inc;xsd</Extensions>
    </Filter>
    <Filter Include="Fichiers de ressources">
      <UniqueIdentifier>{67DA6AB6-F800-4c08-8B7A-83BB121AAD01}</UniqueIdentifier>
      <Extensions>rc;ico;cur;bmp;dlg;rc2;rct;bin;rgs;gif;jpg;jpeg;jpe;resx;tiff;tif;png;wav;mfcribbon-ms</Extensions>
    </Filter>
    <Filter Include="Fichiers d%27en-tête\class">
      <UniqueIdentifier>{f7bf3fa7-e64f-478a-9c67-1eba5f0f1760}</UniqueIdentifier>
    </Filter>
  </ItemGroup>
  <ItemGroup>
    <ClCompile Include="MyForm.cpp">
      <Filter>Fichiers sources</Filter>
    </ClCompile>
    <ClCompile Include="admin.cpp">
      <Filter>Fichiers d%27en-tête</Filter>
    </ClCompile>
    <ClCompile Include="enseignant.cpp">
      <Filter>Fichiers sources</Filter>
    </ClCompile>
    <ClCompile Include="ProposeCours.cpp">
      <Filter>Fichiers d%27en-tête</Filter>
    </ClCompile>
    <ClCompile Include="acceuilAdmin.cpp">
      <Filter>Fichiers d%27en-tête</Filter>
    </ClCompile>
    <ClCompile Include="NewEnseignant.cpp">
      <Filter>Fichiers d%27en-tête</Filter>
    </ClCompile>
    <ClCompile Include="CoursEns.cpp">
      <Filter>Fichiers d%27en-tête</Filter>
    </ClCompile>
    <ClCompile Include="CoursEtu.cpp">
      <Filter>Fichiers d%27en-tête</Filter>
    </ClCompile>
    <ClCompile Include="Luncher.cpp">
      <Filter>Fichiers d%27en-tête</Filter>
    </ClCompile>
    <ClCompile Include="Inscription.cpp">
      <Filter>Fichiers d%27en-tête</Filter>
    </ClCompile>
    <ClCompile Include="AccueilEtu.cpp">
      <Filter>Fichiers d%27en-tête</Filter>
    </ClCompile>
    <ClCompile Include="ListeCoursDispoEtu.cpp">
      <Filter>Fichiers d%27en-tête</Filter>
    </ClCompile>
    <ClCompile Include="Cours.cpp">
      <Filter>Fichiers d%27en-tête\class</Filter>
    </ClCompile>
    <ClCompile Include="LesCours.cpp">
      <Filter>Fichiers d%27en-tête\class</Filter>
    </ClCompile>
    <ClCompile Include="LesRessources.cpp">
      <Filter>Fichiers d%27en-tête\class</Filter>
    </ClCompile>
    <ClCompile Include="Ressources.cpp">
      <Filter>Fichiers d%27en-tête\class</Filter>
    </ClCompile>
  </ItemGroup>
  <ItemGroup>
    <ClInclude Include="..\..\..\..\..\Downloads\ressource.h">
      <Filter>Fichiers d%27en-tête</Filter>
    </ClInclude>
    <ClInclude Include="admin.h">
      <Filter>Fichiers d%27en-tête</Filter>
    </ClInclude>
    <ClInclude Include="enseignant.h">
      <Filter>Fichiers d%27en-tête</Filter>
    </ClInclude>
    <ClInclude Include="ProposeCours.h">
      <Filter>Fichiers d%27en-tête</Filter>
    </ClInclude>
    <ClInclude Include="acceuilAdmin.h">
      <Filter>Fichiers d%27en-tête</Filter>
    </ClInclude>
    <ClInclude Include="NewEnseignant.h">
      <Filter>Fichiers d%27en-tête</Filter>
    </ClInclude>
    <ClInclude Include="CoursEns.h">
      <Filter>Fichiers d%27en-tête</Filter>
    </ClInclude>
    <ClInclude Include="CoursEtu.h">
      <Filter>Fichiers d%27en-tête</Filter>
    </ClInclude>
    <ClInclude Include="Inscription.h">
      <Filter>Fichiers d%27en-tête</Filter>
    </ClInclude>
    <ClInclude Include="luncher.h">
      <Filter>Fichiers d%27en-tête</Filter>
    </ClInclude>
    <ClInclude Include="AccueilEtu.h">
      <Filter>Fichiers d%27en-tête</Filter>
    </ClInclude>
    <ClInclude Include="Cours.h">
      <Filter>Fichiers d%27en-tête\class</Filter>
    </ClInclude>
    <ClInclude Include="LesCours.h">
      <Filter>Fichiers d%27en-tête\class</Filter>
    </ClInclude>
    <ClInclude Include="LesRessources.h">
      <Filter>Fichiers d%27en-tête\class</Filter>
    </ClInclude>
    <ClInclude Include="Ressources.h">
      <Filter>Fichiers d%27en-tête\class</Filter>
    </ClInclude>
    <ClInclude Include="ListeCoursDispoEtu.h">
      <Filter>Fichiers d%27en-tête</Filter>
    </ClInclude>
  </ItemGroup>
  <ItemGroup>
    <EmbeddedResource Include="admin.resx">
      <Filter>Fichiers de ressources</Filter>
    </EmbeddedResource>
    <EmbeddedResource Include="enseignant.resx">
      <Filter>Fichiers de ressources</Filter>
    </EmbeddedResource>
    <EmbeddedResource Include="acceuilAdmin.resx">
      <Filter>Fichiers de ressources</Filter>
    </EmbeddedResource>
    <EmbeddedResource Include="NewEnseignant.resx">
      <Filter>Fichiers de ressources</Filter>
    </EmbeddedResource>
    <EmbeddedResource Include="ProposeCours.resx">
      <Filter>Fichiers de ressources</Filter>
    </EmbeddedResource>
    <EmbeddedResource Include="CoursEns.resx">
      <Filter>Fichiers de ressources</Filter>
    </EmbeddedResource>
    <EmbeddedResource Include="CoursEtu.resx">
      <Filter>Fichiers de ressources</Filter>
    </EmbeddedResource>
    <EmbeddedResource Include="Inscription.resx">
      <Filter>Fichiers de ressources</Filter>
    </EmbeddedResource>
    <EmbeddedResource Include="luncher.resx">
      <Filter>Fichiers de ressources</Filter>
    </EmbeddedResource>
    <EmbeddedResource Include="AccueilEtu.resx">
      <Filter>Fichiers de ressources</Filter>
    </EmbeddedResource>
    <EmbeddedResource Include="ListeCoursDispoEtu.resx">
      <Filter>Fichiers d%27en-tête</Filter>
    </EmbeddedResource>
  </ItemGroup>
</Project>